// !$*UTF8*$!
{
	archiveVersion = 1;
	classes = {
	};
	objectVersion = 46;
	objects = {

/* Begin PBXBuildFile section */
		BC46181A1AF9313D00A5CF73 /* main.m in Sources */ = {isa = PBXBuildFile; fileRef = BC4618191AF9313D00A5CF73 /* main.m */; };
		BC46181D1AF9313D00A5CF73 /* AppDelegate.m in Sources */ = {isa = PBXBuildFile; fileRef = BC46181C1AF9313D00A5CF73 /* AppDelegate.m */; };
		BC4618231AF9313D00A5CF73 /* Main.storyboard in Resources */ = {isa = PBXBuildFile; fileRef = BC4618211AF9313D00A5CF73 /* Main.storyboard */; };
		BC4618251AF9313D00A5CF73 /* Images.xcassets in Resources */ = {isa = PBXBuildFile; fileRef = BC4618241AF9313D00A5CF73 /* Images.xcassets */; };
		BC4618281AF9313D00A5CF73 /* LaunchScreen.xib in Resources */ = {isa = PBXBuildFile; fileRef = BC4618261AF9313D00A5CF73 /* LaunchScreen.xib */; };
		BC4618341AF9313D00A5CF73 /* TweetDigiTests.m in Sources */ = {isa = PBXBuildFile; fileRef = BC4618331AF9313D00A5CF73 /* TweetDigiTests.m */; };
		BC4618BD1AF9522800A5CF73 /* Fabric.framework in Frameworks */ = {isa = PBXBuildFile; fileRef = BC4618BA1AF9522800A5CF73 /* Fabric.framework */; };
		BC4618BE1AF9522800A5CF73 /* TwitterKit.framework in Frameworks */ = {isa = PBXBuildFile; fileRef = BC4618BB1AF9522800A5CF73 /* TwitterKit.framework */; };
		BC4618BF1AF9522800A5CF73 /* TwitterKitResources.bundle in Resources */ = {isa = PBXBuildFile; fileRef = BC4618BC1AF9522800A5CF73 /* TwitterKitResources.bundle */; };
		BC4618C21AF9528300A5CF73 /* TDLoginViewController.m in Sources */ = {isa = PBXBuildFile; fileRef = BC4618C11AF9528300A5CF73 /* TDLoginViewController.m */; };
		BC4618C51AF9669F00A5CF73 /* TimeLineViewController.m in Sources */ = {isa = PBXBuildFile; fileRef = BC4618C41AF9669F00A5CF73 /* TimeLineViewController.m */; };
		BC4618D11AF9826F00A5CF73 /* Twitter_logo_white + Group.png in Resources */ = {isa = PBXBuildFile; fileRef = BC4618D01AF9826F00A5CF73 /* Twitter_logo_white + Group.png */; };
		BC4618D31AF991B900A5CF73 /* LaunchScreen.storyboard in Resources */ = {isa = PBXBuildFile; fileRef = BC4618D21AF991B900A5CF73 /* LaunchScreen.storyboard */; };
/* End PBXBuildFile section */

/* Begin PBXContainerItemProxy section */
		BC46182E1AF9313D00A5CF73 /* PBXContainerItemProxy */ = {
			isa = PBXContainerItemProxy;
			containerPortal = BC46180C1AF9313D00A5CF73 /* Project object */;
			proxyType = 1;
			remoteGlobalIDString = BC4618131AF9313D00A5CF73;
			remoteInfo = TweetDigi;
		};
/* End PBXContainerItemProxy section */

/* Begin PBXFileReference section */
		BC4618141AF9313D00A5CF73 /* TweetDigi.app */ = {isa = PBXFileReference; explicitFileType = wrapper.application; includeInIndex = 0; path = TweetDigi.app; sourceTree = BUILT_PRODUCTS_DIR; };
		BC4618181AF9313D00A5CF73 /* Info.plist */ = {isa = PBXFileReference; lastKnownFileType = text.plist.xml; path = Info.plist; sourceTree = "<group>"; };
		BC4618191AF9313D00A5CF73 /* main.m */ = {isa = PBXFileReference; lastKnownFileType = sourcecode.c.objc; path = main.m; sourceTree = "<group>"; };
		BC46181B1AF9313D00A5CF73 /* AppDelegate.h */ = {isa = PBXFileReference; lastKnownFileType = sourcecode.c.h; path = AppDelegate.h; sourceTree = "<group>"; };
		BC46181C1AF9313D00A5CF73 /* AppDelegate.m */ = {isa = PBXFileReference; lastKnownFileType = sourcecode.c.objc; path = AppDelegate.m; sourceTree = "<group>"; };
		BC4618221AF9313D00A5CF73 /* Base */ = {isa = PBXFileReference; lastKnownFileType = file.storyboard; name = Base; path = Base.lproj/Main.storyboard; sourceTree = "<group>"; };
		BC4618241AF9313D00A5CF73 /* Images.xcassets */ = {isa = PBXFileReference; lastKnownFileType = folder.assetcatalog; path = Images.xcassets; sourceTree = "<group>"; };
		BC4618271AF9313D00A5CF73 /* Base */ = {isa = PBXFileReference; lastKnownFileType = file.xib; name = Base; path = Base.lproj/LaunchScreen.xib; sourceTree = "<group>"; };
		BC46182D1AF9313D00A5CF73 /* TweetDigiTests.xctest */ = {isa = PBXFileReference; explicitFileType = wrapper.cfbundle; includeInIndex = 0; path = TweetDigiTests.xctest; sourceTree = BUILT_PRODUCTS_DIR; };
		BC4618321AF9313D00A5CF73 /* Info.plist */ = {isa = PBXFileReference; lastKnownFileType = text.plist.xml; path = Info.plist; sourceTree = "<group>"; };
		BC4618331AF9313D00A5CF73 /* TweetDigiTests.m */ = {isa = PBXFileReference; lastKnownFileType = sourcecode.c.objc; path = TweetDigiTests.m; sourceTree = "<group>"; };
		BC4618BA1AF9522800A5CF73 /* Fabric.framework */ = {isa = PBXFileReference; lastKnownFileType = wrapper.framework; path = Fabric.framework; sourceTree = "<group>"; };
		BC4618BB1AF9522800A5CF73 /* TwitterKit.framework */ = {isa = PBXFileReference; lastKnownFileType = wrapper.framework; path = TwitterKit.framework; sourceTree = "<group>"; };
		BC4618BC1AF9522800A5CF73 /* TwitterKitResources.bundle */ = {isa = PBXFileReference; lastKnownFileType = "wrapper.plug-in"; name = TwitterKitResources.bundle; path = TwitterKit.framework/Versions/A/Resources/TwitterKitResources.bundle; sourceTree = "<group>"; };
		BC4618C01AF9528300A5CF73 /* TDLoginViewController.h */ = {isa = PBXFileReference; fileEncoding = 4; lastKnownFileType = sourcecode.c.h; path = TDLoginViewController.h; sourceTree = "<group>"; };
		BC4618C11AF9528300A5CF73 /* TDLoginViewController.m */ = {isa = PBXFileReference; fileEncoding = 4; lastKnownFileType = sourcecode.c.objc; path = TDLoginViewController.m; sourceTree = "<group>"; };
		BC4618C31AF9669F00A5CF73 /* TimeLineViewController.h */ = {isa = PBXFileReference; fileEncoding = 4; lastKnownFileType = sourcecode.c.h; path = TimeLineViewController.h; sourceTree = "<group>"; };
		BC4618C41AF9669F00A5CF73 /* TimeLineViewController.m */ = {isa = PBXFileReference; fileEncoding = 4; lastKnownFileType = sourcecode.c.objc; path = TimeLineViewController.m; sourceTree = "<group>"; };
		BC4618D01AF9826F00A5CF73 /* Twitter_logo_white + Group.png */ = {isa = PBXFileReference; lastKnownFileType = image.png; path = "Twitter_logo_white + Group.png"; sourceTree = "<group>"; };
		BC4618D21AF991B900A5CF73 /* LaunchScreen.storyboard */ = {isa = PBXFileReference; fileEncoding = 4; lastKnownFileType = file.storyboard; name = LaunchScreen.storyboard; path = ../LaunchScreen.storyboard; sourceTree = "<group>"; };
/* End PBXFileReference section */

/* Begin PBXFrameworksBuildPhase section */
		BC4618111AF9313D00A5CF73 /* Frameworks */ = {
			isa = PBXFrameworksBuildPhase;
			buildActionMask = 2147483647;
			files = (
				BC4618BD1AF9522800A5CF73 /* Fabric.framework in Frameworks */,
				BC4618BE1AF9522800A5CF73 /* TwitterKit.framework in Frameworks */,
			);
			runOnlyForDeploymentPostprocessing = 0;
		};
		BC46182A1AF9313D00A5CF73 /* Frameworks */ = {
			isa = PBXFrameworksBuildPhase;
			buildActionMask = 2147483647;
			files = (
			);
			runOnlyForDeploymentPostprocessing = 0;
		};
/* End PBXFrameworksBuildPhase section */

/* Begin PBXGroup section */
		BC46180B1AF9313D00A5CF73 = {
			isa = PBXGroup;
			children = (
				BC4618BA1AF9522800A5CF73 /* Fabric.framework */,
				BC4618BB1AF9522800A5CF73 /* TwitterKit.framework */,
				BC4618BC1AF9522800A5CF73 /* TwitterKitResources.bundle */,
				BC4618161AF9313D00A5CF73 /* TweetDigi */,
				BC4618301AF9313D00A5CF73 /* TweetDigiTests */,
				BC4618151AF9313D00A5CF73 /* Products */,
			);
			sourceTree = "<group>";
		};
		BC4618151AF9313D00A5CF73 /* Products */ = {
			isa = PBXGroup;
			children = (
				BC4618141AF9313D00A5CF73 /* TweetDigi.app */,
				BC46182D1AF9313D00A5CF73 /* TweetDigiTests.xctest */,
			);
			name = Products;
			sourceTree = "<group>";
		};
		BC4618161AF9313D00A5CF73 /* TweetDigi */ = {
			isa = PBXGroup;
			children = (
				BC46181B1AF9313D00A5CF73 /* AppDelegate.h */,
				BC46181C1AF9313D00A5CF73 /* AppDelegate.m */,
				BC4618C01AF9528300A5CF73 /* TDLoginViewController.h */,
				BC4618C11AF9528300A5CF73 /* TDLoginViewController.m */,
				BC4618C31AF9669F00A5CF73 /* TimeLineViewController.h */,
				BC4618C41AF9669F00A5CF73 /* TimeLineViewController.m */,
				BC4618D21AF991B900A5CF73 /* LaunchScreen.storyboard */,
				BC4618211AF9313D00A5CF73 /* Main.storyboard */,
				BC4618D01AF9826F00A5CF73 /* Twitter_logo_white + Group.png */,
				BC4618241AF9313D00A5CF73 /* Images.xcassets */,
				BC4618261AF9313D00A5CF73 /* LaunchScreen.xib */,
				BC4618171AF9313D00A5CF73 /* Supporting Files */,
			);
			path = TweetDigi;
			sourceTree = "<group>";
		};
		BC4618171AF9313D00A5CF73 /* Supporting Files */ = {
			isa = PBXGroup;
			children = (
				BC4618181AF9313D00A5CF73 /* Info.plist */,
				BC4618191AF9313D00A5CF73 /* main.m */,
			);
			name = "Supporting Files";
			sourceTree = "<group>";
		};
		BC4618301AF9313D00A5CF73 /* TweetDigiTests */ = {
			isa = PBXGroup;
			children = (
				BC4618331AF9313D00A5CF73 /* TweetDigiTests.m */,
				BC4618311AF9313D00A5CF73 /* Supporting Files */,
			);
			path = TweetDigiTests;
			sourceTree = "<group>";
		};
		BC4618311AF9313D00A5CF73 /* Supporting Files */ = {
			isa = PBXGroup;
			children = (
				BC4618321AF9313D00A5CF73 /* Info.plist */,
			);
			name = "Supporting Files";
			sourceTree = "<group>";
		};
/* End PBXGroup section */

/* Begin PBXNativeTarget section */
		BC4618131AF9313D00A5CF73 /* TweetDigi */ = {
			isa = PBXNativeTarget;
			buildConfigurationList = BC4618371AF9313D00A5CF73 /* Build configuration list for PBXNativeTarget "TweetDigi" */;
			buildPhases = (
				BC4618101AF9313D00A5CF73 /* Sources */,
				BC4618111AF9313D00A5CF73 /* Frameworks */,
				BC4618121AF9313D00A5CF73 /* Resources */,
				BC4618B91AF9521900A5CF73 /* ShellScript */,
			);
			buildRules = (
			);
			dependencies = (
			);
			name = TweetDigi;
			productName = TweetDigi;
			productReference = BC4618141AF9313D00A5CF73 /* TweetDigi.app */;
			productType = "com.apple.product-type.application";
		};
		BC46182C1AF9313D00A5CF73 /* TweetDigiTests */ = {
			isa = PBXNativeTarget;
			buildConfigurationList = BC46183A1AF9313D00A5CF73 /* Build configuration list for PBXNativeTarget "TweetDigiTests" */;
			buildPhases = (
				BC4618291AF9313D00A5CF73 /* Sources */,
				BC46182A1AF9313D00A5CF73 /* Frameworks */,
				BC46182B1AF9313D00A5CF73 /* Resources */,
			);
			buildRules = (
			);
			dependencies = (
				BC46182F1AF9313D00A5CF73 /* PBXTargetDependency */,
			);
			name = TweetDigiTests;
			productName = TweetDigiTests;
			productReference = BC46182D1AF9313D00A5CF73 /* TweetDigiTests.xctest */;
			productType = "com.apple.product-type.bundle.unit-test";
		};
/* End PBXNativeTarget section */

/* Begin PBXProject section */
		BC46180C1AF9313D00A5CF73 /* Project object */ = {
			isa = PBXProject;
			attributes = {
				LastUpgradeCheck = 0630;
				ORGANIZATIONNAME = "Nicolas Rizk";
				TargetAttributes = {
					BC4618131AF9313D00A5CF73 = {
						CreatedOnToolsVersion = 6.3;
					};
					BC46182C1AF9313D00A5CF73 = {
						CreatedOnToolsVersion = 6.3;
						TestTargetID = BC4618131AF9313D00A5CF73;
					};
				};
			};
			buildConfigurationList = BC46180F1AF9313D00A5CF73 /* Build configuration list for PBXProject "TweetDigi" */;
			compatibilityVersion = "Xcode 3.2";
			developmentRegion = English;
			hasScannedForEncodings = 0;
			knownRegions = (
				en,
				Base,
			);
			mainGroup = BC46180B1AF9313D00A5CF73;
			productRefGroup = BC4618151AF9313D00A5CF73 /* Products */;
			projectDirPath = "";
			projectRoot = "";
			targets = (
				BC4618131AF9313D00A5CF73 /* TweetDigi */,
				BC46182C1AF9313D00A5CF73 /* TweetDigiTests */,
			);
		};
/* End PBXProject section */

/* Begin PBXResourcesBuildPhase section */
		BC4618121AF9313D00A5CF73 /* Resources */ = {
			isa = PBXResourcesBuildPhase;
			buildActionMask = 2147483647;
			files = (
				BC4618BF1AF9522800A5CF73 /* TwitterKitResources.bundle in Resources */,
				BC4618231AF9313D00A5CF73 /* Main.storyboard in Resources */,
				BC4618D11AF9826F00A5CF73 /* Twitter_logo_white + Group.png in Resources */,
				BC4618D31AF991B900A5CF73 /* LaunchScreen.storyboard in Resources */,
				BC4618281AF9313D00A5CF73 /* LaunchScreen.xib in Resources */,
				BC4618251AF9313D00A5CF73 /* Images.xcassets in Resources */,
			);
			runOnlyForDeploymentPostprocessing = 0;
		};
		BC46182B1AF9313D00A5CF73 /* Resources */ = {
			isa = PBXResourcesBuildPhase;
			buildActionMask = 2147483647;
			files = (
			);
			runOnlyForDeploymentPostprocessing = 0;
		};
/* End PBXResourcesBuildPhase section */

/* Begin PBXShellScriptBuildPhase section */
		BC4618B91AF9521900A5CF73 /* ShellScript */ = {
			isa = PBXShellScriptBuildPhase;
			buildActionMask = 2147483647;
			files = (
			);
			inputPaths = (
			);
			outputPaths = (
			);
			runOnlyForDeploymentPostprocessing = 0;
			shellPath = /bin/sh;
			shellScript = "./Fabric.framework/run 4ccb67150ea50dc4d37bf09c28b73979ccf9ef38 984cf8fff772fe115e34ec4e3f310be97dcff4f24f5bf302d96018fbd38164e3";
		};
/* End PBXShellScriptBuildPhase section */

/* Begin PBXSourcesBuildPhase section */
		BC4618101AF9313D00A5CF73 /* Sources */ = {
			isa = PBXSourcesBuildPhase;
			buildActionMask = 2147483647;
			files = (
				BC46181D1AF9313D00A5CF73 /* AppDelegate.m in Sources */,
				BC4618C51AF9669F00A5CF73 /* TimeLineViewController.m in Sources */,
				BC4618C21AF9528300A5CF73 /* TDLoginViewController.m in Sources */,
				BC46181A1AF9313D00A5CF73 /* main.m in Sources */,
			);
			runOnlyForDeploymentPostprocessing = 0;
		};
		BC4618291AF9313D00A5CF73 /* Sources */ = {
			isa = PBXSourcesBuildPhase;
			buildActionMask = 2147483647;
			files = (
				BC4618341AF9313D00A5CF73 /* TweetDigiTests.m in Sources */,
			);
			runOnlyForDeploymentPostprocessing = 0;
		};
/* End PBXSourcesBuildPhase section */

/* Begin PBXTargetDependency section */
		BC46182F1AF9313D00A5CF73 /* PBXTargetDependency */ = {
			isa = PBXTargetDependency;
			target = BC4618131AF9313D00A5CF73 /* TweetDigi */;
			targetProxy = BC46182E1AF9313D00A5CF73 /* PBXContainerItemProxy */;
		};
/* End PBXTargetDependency section */

/* Begin PBXVariantGroup section */
		BC4618211AF9313D00A5CF73 /* Main.storyboard */ = {
			isa = PBXVariantGroup;
			children = (
				BC4618221AF9313D00A5CF73 /* Base */,
			);
			name = Main.storyboard;
			sourceTree = "<group>";
		};
		BC4618261AF9313D00A5CF73 /* LaunchScreen.xib */ = {
			isa = PBXVariantGroup;
			children = (
				BC4618271AF9313D00A5CF73 /* Base */,
			);
			name = LaunchScreen.xib;
			sourceTree = "<group>";
		};
/* End PBXVariantGroup section */

/* Begin XCBuildConfiguration section */
		BC4618351AF9313D00A5CF73 /* Debug */ = {
			isa = XCBuildConfiguration;
			buildSettings = {
				ALWAYS_SEARCH_USER_PATHS = NO;
				CLANG_CXX_LANGUAGE_STANDARD = "gnu++0x";
				CLANG_CXX_LIBRARY = "libc++";
				CLANG_ENABLE_MODULES = YES;
				CLANG_ENABLE_OBJC_ARC = YES;
				CLANG_WARN_BOOL_CONVERSION = YES;
				CLANG_WARN_CONSTANT_CONVERSION = YES;
				CLANG_WARN_DIRECT_OBJC_ISA_USAGE = YES_ERROR;
				CLANG_WARN_EMPTY_BODY = YES;
				CLANG_WARN_ENUM_CONVERSION = YES;
				CLANG_WARN_INT_CONVERSION = YES;
				CLANG_WARN_OBJC_ROOT_CLASS = YES_ERROR;
				CLANG_WARN_UNREACHABLE_CODE = YES;
				CLANG_WARN__DUPLICATE_METHOD_MATCH = YES;
				"CODE_SIGN_IDENTITY[sdk=iphoneos*]" = "iPhone Developer";
				COPY_PHASE_STRIP = NO;
				DEBUG_INFORMATION_FORMAT = "dwarf-with-dsym";
				ENABLE_STRICT_OBJC_MSGSEND = YES;
				GCC_C_LANGUAGE_STANDARD = gnu99;
				GCC_DYNAMIC_NO_PIC = NO;
				GCC_NO_COMMON_BLOCKS = YES;
				GCC_OPTIMIZATION_LEVEL = 0;
				GCC_PREPROCESSOR_DEFINITIONS = (
					"DEBUG=1",
					"$(inherited)",
				);
				GCC_SYMBOLS_PRIVATE_EXTERN = NO;
				GCC_WARN_64_TO_32_BIT_CONVERSION = YES;
				GCC_WARN_ABOUT_RETURN_TYPE = YES_ERROR;
				GCC_WARN_UNDECLARED_SELECTOR = YES;
				GCC_WARN_UNINITIALIZED_AUTOS = YES_AGGRESSIVE;
				GCC_WARN_UNUSED_FUNCTION = YES;
				GCC_WARN_UNUSED_VARIABLE = YES;
				IPHONEOS_DEPLOYMENT_TARGET = 8.3;
				MTL_ENABLE_DEBUG_INFO = YES;
				ONLY_ACTIVE_ARCH = YES;
				SDKROOT = iphoneos;
			};
			name = Debug;
		};
		BC4618361AF9313D00A5CF73 /* Release */ = {
			isa = XCBuildConfiguration;
			buildSettings = {
				ALWAYS_SEARCH_USER_PATHS = NO;
				CLANG_CXX_LANGUAGE_STANDARD = "gnu++0x";
				CLANG_CXX_LIBRARY = "libc++";
				CLANG_ENABLE_MODULES = YES;
				CLANG_ENABLE_OBJC_ARC = YES;
				CLANG_WARN_BOOL_CONVERSION = YES;
				CLANG_WARN_CONSTANT_CONVERSION = YES;
				CLANG_WARN_DIRECT_OBJC_ISA_USAGE = YES_ERROR;
				CLANG_WARN_EMPTY_BODY = YES;
				CLANG_WARN_ENUM_CONVERSION = YES;
				CLANG_WARN_INT_CONVERSION = YES;
				CLANG_WARN_OBJC_ROOT_CLASS = YES_ERROR;
				CLANG_WARN_UNREACHABLE_CODE = YES;
				CLANG_WARN__DUPLICATE_METHOD_MATCH = YES;
				"CODE_SIGN_IDENTITY[sdk=iphoneos*]" = "iPhone Developer";
				COPY_PHASE_STRIP = NO;
				DEBUG_INFORMATION_FORMAT = "dwarf-with-dsym";
				ENABLE_NS_ASSERTIONS = NO;
				ENABLE_STRICT_OBJC_MSGSEND = YES;
				GCC_C_LANGUAGE_STANDARD = gnu99;
				GCC_NO_COMMON_BLOCKS = YES;
				GCC_WARN_64_TO_32_BIT_CONVERSION = YES;
				GCC_WARN_ABOUT_RETURN_TYPE = YES_ERROR;
				GCC_WARN_UNDECLARED_SELECTOR = YES;
				GCC_WARN_UNINITIALIZED_AUTOS = YES_AGGRESSIVE;
				GCC_WARN_UNUSED_FUNCTION = YES;
				GCC_WARN_UNUSED_VARIABLE = YES;
				IPHONEOS_DEPLOYMENT_TARGET = 8.3;
				MTL_ENABLE_DEBUG_INFO = NO;
				SDKROOT = iphoneos;
				VALIDATE_PRODUCT = YES;
			};
			name = Release;
		};
		BC4618381AF9313D00A5CF73 /* Debug */ = {
			isa = XCBuildConfiguration;
			buildSettings = {
				ASSETCATALOG_COMPILER_APPICON_NAME = AppIcon;
				FRAMEWORK_SEARCH_PATHS = (
					"$(inherited)",
					"$(PROJECT_DIR)",
				);
				INFOPLIST_FILE = TweetDigi/Info.plist;
				LD_RUNPATH_SEARCH_PATHS = "$(inherited) @executable_path/Frameworks";
				PRODUCT_NAME = "$(TARGET_NAME)";
			};
			name = Debug;
		};
		BC4618391AF9313D00A5CF73 /* Release */ = {
			isa = XCBuildConfiguration;
			buildSettings = {
				ASSETCATALOG_COMPILER_APPICON_NAME = AppIcon;
				FRAMEWORK_SEARCH_PATHS = (
					"$(inherited)",
					"$(PROJECT_DIR)",
				);
				INFOPLIST_FILE = TweetDigi/Info.plist;
				LD_RUNPATH_SEARCH_PATHS = "$(inherited) @executable_path/Frameworks";
				PRODUCT_NAME = "$(TARGET_NAME)";
			};
			name = Release;
		};
		BC46183B1AF9313D00A5CF73 /* Debug */ = {
			isa = XCBuildConfiguration;
			buildSettings = {
				BUNDLE_LOADER = "$(TEST_HOST)";
				FRAMEWORK_SEARCH_PATHS = (
					"$(SDKROOT)/Developer/Library/Frameworks",
					"$(inherited)",
				);
				GCC_PREPROCESSOR_DEFINITIONS = (
					"DEBUG=1",
					"$(inherited)",
				);
				INFOPLIST_FILE = TweetDigiTests/Info.plist;
				LD_RUNPATH_SEARCH_PATHS = "$(inherited) @executable_path/Frameworks @loader_path/Frameworks";
				PRODUCT_NAME = "$(TARGET_NAME)";
				TEST_HOST = "$(BUILT_PRODUCTS_DIR)/TweetDigi.app/TweetDigi";
			};
			name = Debug;
		};
		BC46183C1AF9313D00A5CF73 /* Release */ = {
			isa = XCBuildConfiguration;
			buildSettings = {
				BUNDLE_LOADER = "$(TEST_HOST)";
				FRAMEWORK_SEARCH_PATHS = (
					"$(SDKROOT)/Developer/Library/Frameworks",
					"$(inherited)",
				);
				INFOPLIST_FILE = TweetDigiTests/Info.plist;
				LD_RUNPATH_SEARCH_PATHS = "$(inherited) @executable_path/Frameworks @loader_path/Frameworks";
				PRODUCT_NAME = "$(TARGET_NAME)";
				TEST_HOST = "$(BUILT_PRODUCTS_DIR)/TweetDigi.app/TweetDigi";
			};
			name = Release;
		};
/* End XCBuildConfiguration section */

/* Begin XCConfigurationList section */
		BC46180F1AF9313D00A5CF73 /* Build configuration list for PBXProject "TweetDigi" */ = {
			isa = XCConfigurationList;
			buildConfigurations = (
				BC4618351AF9313D00A5CF73 /* Debug */,
				BC4618361AF9313D00A5CF73 /* Release */,
			);
			defaultConfigurationIsVisible = 0;
			defaultConfigurationName = Release;
		};
		BC4618371AF9313D00A5CF73 /* Build configuration list for PBXNativeTarget "TweetDigi" */ = {
			isa = XCConfigurationList;
			buildConfigurations = (
				BC4618381AF9313D00A5CF73 /* Debug */,
				BC4618391AF9313D00A5CF73 /* Release */,
			);
			defaultConfigurationIsVisible = 0;
			defaultConfigurationName = Release;
		};
		BC46183A1AF9313D00A5CF73 /* Build configuration list for PBXNativeTarget "TweetDigiTests" */ = {
			isa = XCConfigurationList;
			buildConfigurations = (
				BC46183B1AF9313D00A5CF73 /* Debug */,
				BC46183C1AF9313D00A5CF73 /* Release */,
			);
			defaultConfigurationIsVisible = 0;
			defaultConfigurationName = Release;
		};
/* End XCConfigurationList section */
	};
	rootObject = BC46180C1AF9313D00A5CF73 /* Project object */;
}
